
Microsoft Visual Studio Solution File, Format Version 12.00
# Visual Studio Version 16
VisualStudioVersion = 25.0.1704.3
MinimumVisualStudioVersion = 10.0.40219.1
Project("{FAE04EC0-301F-11D3-BF4B-00C04F79EFBC}") = "Week9Lists", "Week9Lists\Week9Lists.csproj", "{54EBFC4A-FFD1-4E50-821E-55FE882733D4}"
EndProject
Global
	GlobalSection(SolutionConfigurationPlatforms) = preSolution
		Debug|Any CPU = Debug|Any CPU
		Release|Any CPU = Release|Any CPU
	EndGlobalSection
	GlobalSection(ProjectConfigurationPlatforms) = postSolution
		{54EBFC4A-FFD1-4E50-821E-55FE882733D4}.Debug|Any CPU.ActiveCfg = Debug|Any CPU
		{54EBFC4A-FFD1-4E50-821E-55FE882733D4}.Debug|Any CPU.Build.0 = Debug|Any CPU
		{54EBFC4A-FFD1-4E50-821E-55FE882733D4}.Release|Any CPU.ActiveCfg = Release|Any CPU
		{54EBFC4A-FFD1-4E50-821E-55FE882733D4}.Release|Any CPU.Build.0 = Release|Any CPU
	EndGlobalSection
	GlobalSection(SolutionProperties) = preSolution
		HideSolutionNode = FALSE
	EndGlobalSection
	GlobalSection(ExtensibilityGlobals) = postSolution
		SolutionGuid = {29CB3728-059B-453B-9D25-BD3E368B821F}
	EndGlobalSection
EndGlobal
